{
  "nodes": {
    "aasdk": {
      "flake": false,
      "locked": {
        "lastModified": 1781214115,
        "narHash": "sha256-1/inF0u7WieSKon5ypO8zGrvOMEtksFI5oXtSNzzAuE=",
        "owner": "opencardev",
        "repo": "aasdk",
        "rev": "9bf6adf933665dee26532201719fac14a047ccf1",
        "type": "github"
      },
      "original": {
        "owner": "opencardev",
        "repo": "aasdk",
        "type": "github"
      }
    },
    "nixpkgs": {
      "locked": {
        "lastModified": 1786599213,
        "narHash": "sha256-yNJd40f11EzXBjSByCB7IPpeFFAdeoSKKM67dGkfFoU=",
        "owner": "NixOS",
        "repo": "nixpkgs",
        "rev": "0e251e24a4f24e036a084b6b4b2d2491af4167f4",
        "type": "github"
      },
      "original": {
        "owner": "NixOS",
        "ref": "nixos-unstable",
        "repo": "nixpkgs",
        "type": "github"
      }
    },
    "nixpkgs-aasdk": {
      "locked": {
        "lastModified": 1751274312,
        "narHash": "sha256-/bVBlRpECLVzjV19t5KMdMFWSwKLtb5RyXdjz3LJT+g=",
        "owner": "NixOS",
        "repo": "nixpkgs",
        "rev": "50ab793786d9de88ee30ec4e4c24fb4236fc2674",
        "type": "github"
      },
      "original": {
        "owner": "NixOS",
        "ref": "nixos-24.11",
        "repo": "nixpkgs",
        "type": "github"
      }
    },
    "root": {
      "inputs": {
        "aasdk": "aasdk",
        "nixpkgs": "nixpkgs",
        "nixpkgs-aasdk": "nixpkgs-aasdk"
      }
    }
  },
  "root": "root",
  "version": 7
}
